
Microsoft Visual Studio Solution File, Format Version 12.00
# Visual Studio Version 16
VisualStudioVersion = 16.0.31829.152
MinimumVisualStudioVersion = 10.0.40219.1
Project("{FAE04EC0-301F-11D3-BF4B-00C04F79EFBC}") = "Calculator", "Calculator\Calculator.csproj", "{13D32569-F742-4339-B156-E2CE8B948189}"
EndProject
Project("{FAE04EC0-301F-11D3-BF4B-00C04F79EFBC}") = "CalculatorLibrary", "CalculatorLibrary\CalculatorLibrary.csproj", "{F96CBAD2-3327-4655-A249-3ED11F559F5B}"
EndProject
Project("{FAE04EC0-301F-11D3-BF4B-00C04F79EFBC}") = "CalculatorTest", "UnitTest\CalculatorTest.csproj", "{2219C7C8-AA9F-41F0-A9CD-BCEBF300E80E}"
EndProject
Global
	GlobalSection(SolutionConfigurationPlatforms) = preSolution
		Debug|Any CPU = Debug|Any CPU
		Release|Any CPU = Release|Any CPU
	EndGlobalSection
	GlobalSection(ProjectConfigurationPlatforms) = postSolution
		{13D32569-F742-4339-B156-E2CE8B948189}.Debug|Any CPU.ActiveCfg = Debug|Any CPU
		{13D32569-F742-4339-B156-E2CE8B948189}.Debug|Any CPU.Build.0 = Debug|Any CPU
		{13D32569-F742-4339-B156-E2CE8B948189}.Release|Any CPU.ActiveCfg = Release|Any CPU
		{13D32569-F742-4339-B156-E2CE8B948189}.Release|Any CPU.Build.0 = Release|Any CPU
		{F96CBAD2-3327-4655-A249-3ED11F559F5B}.Debug|Any CPU.ActiveCfg = Debug|Any CPU
		{F96CBAD2-3327-4655-A249-3ED11F559F5B}.Debug|Any CPU.Build.0 = Debug|Any CPU
		{F96CBAD2-3327-4655-A249-3ED11F559F5B}.Release|Any CPU.ActiveCfg = Release|Any CPU
		{F96CBAD2-3327-4655-A249-3ED11F559F5B}.Release|Any CPU.Build.0 = Release|Any CPU
		{2219C7C8-AA9F-41F0-A9CD-BCEBF300E80E}.Debug|Any CPU.ActiveCfg = Debug|Any CPU
		{2219C7C8-AA9F-41F0-A9CD-BCEBF300E80E}.Debug|Any CPU.Build.0 = Debug|Any CPU
		{2219C7C8-AA9F-41F0-A9CD-BCEBF300E80E}.Release|Any CPU.ActiveCfg = Release|Any CPU
		{2219C7C8-AA9F-41F0-A9CD-BCEBF300E80E}.Release|Any CPU.Build.0 = Release|Any CPU
	EndGlobalSection
	GlobalSection(SolutionProperties) = preSolution
		HideSolutionNode = FALSE
	EndGlobalSection
	GlobalSection(ExtensibilityGlobals) = postSolution
		SolutionGuid = {1C9BAC42-496F-4C13-A0C6-78EB09CE6C4A}
	EndGlobalSection
EndGlobal
